// !$*UTF8*$!
{
	archiveVersion = 1;
	classes = {
	};
	objectVersion = 50;
	objects = {

/* Begin PBXBuildFile section */
		55A0A24421B8D3C900B77603 /* AppDelegate.swift in Sources */ = {isa = PBXBuildFile; fileRef = 55A0A24321B8D3C900B77603 /* AppDelegate.swift */; };
		55A0A24621B8D3C900B77603 /* ViewController.swift in Sources */ = {isa = PBXBuildFile; fileRef = 55A0A24521B8D3C900B77603 /* ViewController.swift */; };
		55A0A24921B8D3C900B77603 /* Main.storyboard in Resources */ = {isa = PBXBuildFile; fileRef = 55A0A24721B8D3C900B77603 /* Main.storyboard */; };
		55A0A24B21B8D3CA00B77603 /* Assets.xcassets in Resources */ = {isa = PBXBuildFile; fileRef = 55A0A24A21B8D3CA00B77603 /* Assets.xcassets */; };
		55A0A24E21B8D3CA00B77603 /* LaunchScreen.storyboard in Resources */ = {isa = PBXBuildFile; fileRef = 55A0A24C21B8D3CA00B77603 /* LaunchScreen.storyboard */; };
		55A0A25921B8D3CA00B77603 /* SampleOfResponderChaninTests.swift in Sources */ = {isa = PBXBuildFile; fileRef = 55A0A25821B8D3CA00B77603 /* SampleOfResponderChaninTests.swift */; };
/* End PBXBuildFile section */

/* Begin PBXContainerItemProxy section */
		55A0A25521B8D3CA00B77603 /* PBXContainerItemProxy */ = {
			isa = PBXContainerItemProxy;
			containerPortal = 55A0A23821B8D3C900B77603 /* Project object */;
			proxyType = 1;
			remoteGlobalIDString = 55A0A23F21B8D3C900B77603;
			remoteInfo = SampleOfResponderChanin;
		};
/* End PBXContainerItemProxy section */

/* Begin PBXFileReference section */
		55A0A24021B8D3C900B77603 /* SampleOfResponderChanin.app */ = {isa = PBXFileReference; explicitFileType = wrapper.application; includeInIndex = 0; path = SampleOfResponderChanin.app; sourceTree = BUILT_PRODUCTS_DIR; };
		55A0A24321B8D3C900B77603 /* AppDelegate.swift */ = {isa = PBXFileReference; lastKnownFileType = sourcecode.swift; path = AppDelegate.swift; sourceTree = "<group>"; };
		55A0A24521B8D3C900B77603 /* ViewController.swift */ = {isa = PBXFileReference; lastKnownFileType = sourcecode.swift; path = ViewController.swift; sourceTree = "<group>"; };
		55A0A24821B8D3C900B77603 /* Base */ = {isa = PBXFileReference; lastKnownFileType = file.storyboard; name = Base; path = Base.lproj/Main.storyboard; sourceTree = "<group>"; };
		55A0A24A21B8D3CA00B77603 /* Assets.xcassets */ = {isa = PBXFileReference; lastKnownFileType = folder.assetcatalog; path = Assets.xcassets; sourceTree = "<group>"; };
		55A0A24D21B8D3CA00B77603 /* Base */ = {isa = PBXFileReference; lastKnownFileType = file.storyboard; name = Base; path = Base.lproj/LaunchScreen.storyboard; sourceTree = "<group>"; };
		55A0A24F21B8D3CA00B77603 /* Info.plist */ = {isa = PBXFileReference; lastKnownFileType = text.plist.xml; path = Info.plist; sourceTree = "<group>"; };
		55A0A25421B8D3CA00B77603 /* SampleOfResponderChaninTests.xctest */ = {isa = PBXFileReference; explicitFileType = wrapper.cfbundle; includeInIndex = 0; path = SampleOfResponderChaninTests.xctest; sourceTree = BUILT_PRODUCTS_DIR; };
		55A0A25821B8D3CA00B77603 /* SampleOfResponderChaninTests.swift */ = {isa = PBXFileReference; lastKnownFileType = sourcecode.swift; path = SampleOfResponderChaninTests.swift; sourceTree = "<group>"; };
		55A0A25A21B8D3CA00B77603 /* Info.plist */ = {isa = PBXFileReference; lastKnownFileType = text.plist.xml; path = Info.plist; sourceTree = "<group>"; };
/* End PBXFileReference section */

/* Begin PBXFrameworksBuildPhase section */
		55A0A23D21B8D3C900B77603 /* Frameworks */ = {
			isa = PBXFrameworksBuildPhase;
			buildActionMask = 2147483647;
			files = (
			);
			runOnlyForDeploymentPostprocessing = 0;
		};
		55A0A25121B8D3CA00B77603 /* Frameworks */ = {
			isa = PBXFrameworksBuildPhase;
			buildActionMask = 2147483647;
			files = (
			);
			runOnlyForDeploymentPostprocessing = 0;
		};
/* End PBXFrameworksBuildPhase section */

/* Begin PBXGroup section */
		55A0A23721B8D3C900B77603 = {
			isa = PBXGroup;
			children = (
				55A0A24221B8D3C900B77603 /* SampleOfResponderChanin */,
				55A0A25721B8D3CA00B77603 /* SampleOfResponderChaninTests */,
				55A0A24121B8D3C900B77603 /* Products */,
			);
			sourceTree = "<group>";
		};
		55A0A24121B8D3C900B77603 /* Products */ = {
			isa = PBXGroup;
			children = (
				55A0A24021B8D3C900B77603 /* SampleOfResponderChanin.app */,
				55A0A25421B8D3CA00B77603 /* SampleOfResponderChaninTests.xctest */,
			);
			name = Products;
			sourceTree = "<group>";
		};
		55A0A24221B8D3C900B77603 /* SampleOfResponderChanin */ = {
			isa = PBXGroup;
			children = (
				55A0A24321B8D3C900B77603 /* AppDelegate.swift */,
				55A0A24521B8D3C900B77603 /* ViewController.swift */,
				55A0A24721B8D3C900B77603 /* Main.storyboard */,
				55A0A24A21B8D3CA00B77603 /* Assets.xcassets */,
				55A0A24C21B8D3CA00B77603 /* LaunchScreen.storyboard */,
				55A0A24F21B8D3CA00B77603 /* Info.plist */,
			);
			path = SampleOfResponderChanin;
			sourceTree = "<group>";
		};
		55A0A25721B8D3CA00B77603 /* SampleOfResponderChaninTests */ = {
			isa = PBXGroup;
			children = (
				55A0A25821B8D3CA00B77603 /* SampleOfResponderChaninTests.swift */,
				55A0A25A21B8D3CA00B77603 /* Info.plist */,
			);
			path = SampleOfResponderChaninTests;
			sourceTree = "<group>";
		};
/* End PBXGroup section */

/* Begin PBXNativeTarget section */
		55A0A23F21B8D3C900B77603 /* SampleOfResponderChanin */ = {
			isa = PBXNativeTarget;
			buildConfigurationList = 55A0A25D21B8D3CA00B77603 /* Build configuration list for PBXNativeTarget "SampleOfResponderChanin" */;
			buildPhases = (
				55A0A23C21B8D3C900B77603 /* Sources */,
				55A0A23D21B8D3C900B77603 /* Frameworks */,
				55A0A23E21B8D3C900B77603 /* Resources */,
			);
			buildRules = (
			);
			dependencies = (
			);
			name = SampleOfResponderChanin;
			productName = SampleOfResponderChanin;
			productReference = 55A0A24021B8D3C900B77603 /* SampleOfResponderChanin.app */;
			productType = "com.apple.product-type.application";
		};
		55A0A25321B8D3CA00B77603 /* SampleOfResponderChaninTests */ = {
			isa = PBXNativeTarget;
			buildConfigurationList = 55A0A26021B8D3CA00B77603 /* Build configuration list for PBXNativeTarget "SampleOfResponderChaninTests" */;
			buildPhases = (
				55A0A25021B8D3CA00B77603 /* Sources */,
				55A0A25121B8D3CA00B77603 /* Frameworks */,
				55A0A25221B8D3CA00B77603 /* Resources */,
			);
			buildRules = (
			);
			dependencies = (
				55A0A25621B8D3CA00B77603 /* PBXTargetDependency */,
			);
			name = SampleOfResponderChaninTests;
			productName = SampleOfResponderChaninTests;
			productReference = 55A0A25421B8D3CA00B77603 /* SampleOfResponderChaninTests.xctest */;
			productType = "com.apple.product-type.bundle.unit-test";
		};
/* End PBXNativeTarget section */

/* Begin PBXProject section */
		55A0A23821B8D3C900B77603 /* Project object */ = {
			isa = PBXProject;
			attributes = {
				LastSwiftUpdateCheck = 1010;
				LastUpgradeCheck = 1010;
				ORGANIZATIONNAME = "田辺信之";
				TargetAttributes = {
					55A0A23F21B8D3C900B77603 = {
						CreatedOnToolsVersion = 10.1;
					};
					55A0A25321B8D3CA00B77603 = {
						CreatedOnToolsVersion = 10.1;
						TestTargetID = 55A0A23F21B8D3C900B77603;
					};
				};
			};
			buildConfigurationList = 55A0A23B21B8D3C900B77603 /* Build configuration list for PBXProject "SampleOfResponderChanin" */;
			compatibilityVersion = "Xcode 9.3";
			developmentRegion = en;
			hasScannedForEncodings = 0;
			knownRegions = (
				en,
				Base,
			);
			mainGroup = 55A0A23721B8D3C900B77603;
			productRefGroup = 55A0A24121B8D3C900B77603 /* Products */;
			projectDirPath = "";
			projectRoot = "";
			targets = (
				55A0A23F21B8D3C900B77603 /* SampleOfResponderChanin */,
				55A0A25321B8D3CA00B77603 /* SampleOfResponderChaninTests */,
			);
		};
/* End PBXProject section */

/* Begin PBXResourcesBuildPhase section */
		55A0A23E21B8D3C900B77603 /* Resources */ = {
			isa = PBXResourcesBuildPhase;
			buildActionMask = 2147483647;
			files = (
				55A0A24E21B8D3CA00B77603 /* LaunchScreen.storyboard in Resources */,
				55A0A24B21B8D3CA00B77603 /* Assets.xcassets in Resources */,
				55A0A24921B8D3C900B77603 /* Main.storyboard in Resources */,
			);
			runOnlyForDeploymentPostprocessing = 0;
		};
		55A0A25221B8D3CA00B77603 /* Resources */ = {
			isa = PBXResourcesBuildPhase;
			buildActionMask = 2147483647;
			files = (
			);
			runOnlyForDeploymentPostprocessing = 0;
		};
/* End PBXResourcesBuildPhase section */

/* Begin PBXSourcesBuildPhase section */
		55A0A23C21B8D3C900B77603 /* Sources */ = {
			isa = PBXSourcesBuildPhase;
			buildActionMask = 2147483647;
			files = (
				55A0A24621B8D3C900B77603 /* ViewController.swift in Sources */,
				55A0A24421B8D3C900B77603 /* AppDelegate.swift in Sources */,
			);
			runOnlyForDeploymentPostprocessing = 0;
		};
		55A0A25021B8D3CA00B77603 /* Sources */ = {
			isa = PBXSourcesBuildPhase;
			buildActionMask = 2147483647;
			files = (
				55A0A25921B8D3CA00B77603 /* SampleOfResponderChaninTests.swift in Sources */,
			);
			runOnlyForDeploymentPostprocessing = 0;
		};
/* End PBXSourcesBuildPhase section */

/* Begin PBXTargetDependency section */
		55A0A25621B8D3CA00B77603 /* PBXTargetDependency */ = {
			isa = PBXTargetDependency;
			target = 55A0A23F21B8D3C900B77603 /* SampleOfResponderChanin */;
			targetProxy = 55A0A25521B8D3CA00B77603 /* PBXContainerItemProxy */;
		};
/* End PBXTargetDependency section */

/* Begin PBXVariantGroup section */
		55A0A24721B8D3C900B77603 /* Main.storyboard */ = {
			isa = PBXVariantGroup;
			children = (
				55A0A24821B8D3C900B77603 /* Base */,
			);
			name = Main.storyboard;
			sourceTree = "<group>";
		};
		55A0A24C21B8D3CA00B77603 /* LaunchScreen.storyboard */ = {
			isa = PBXVariantGroup;
			children = (
				55A0A24D21B8D3CA00B77603 /* Base */,
			);
			name = LaunchScreen.storyboard;
			sourceTree = "<group>";
		};
/* End PBXVariantGroup section */

/* Begin XCBuildConfiguration section */
		55A0A25B21B8D3CA00B77603 /* Debug */ = {
			isa = XCBuildConfiguration;
			buildSettings = {
				ALWAYS_SEARCH_USER_PATHS = NO;
				CLANG_ANALYZER_NONNULL = YES;
				CLANG_ANALYZER_NUMBER_OBJECT_CONVERSION = YES_AGGRESSIVE;
				CLANG_CXX_LANGUAGE_STANDARD = "gnu++14";
				CLANG_CXX_LIBRARY = "libc++";
				CLANG_ENABLE_MODULES = YES;
				CLANG_ENABLE_OBJC_ARC = YES;
				CLANG_ENABLE_OBJC_WEAK = YES;
				CLANG_WARN_BLOCK_CAPTURE_AUTORELEASING = YES;
				CLANG_WARN_BOOL_CONVERSION = YES;
				CLANG_WARN_COMMA = YES;
				CLANG_WARN_CONSTANT_CONVERSION = YES;
				CLANG_WARN_DEPRECATED_OBJC_IMPLEMENTATIONS = YES;
				CLANG_WARN_DIRECT_OBJC_ISA_USAGE = YES_ERROR;
				CLANG_WARN_DOCUMENTATION_COMMENTS = YES;
				CLANG_WARN_EMPTY_BODY = YES;
				CLANG_WARN_ENUM_CONVERSION = YES;
				CLANG_WARN_INFINITE_RECURSION = YES;
				CLANG_WARN_INT_CONVERSION = YES;
				CLANG_WARN_NON_LITERAL_NULL_CONVERSION = YES;
				CLANG_WARN_OBJC_IMPLICIT_RETAIN_SELF = YES;
				CLANG_WARN_OBJC_LITERAL_CONVERSION = YES;
				CLANG_WARN_OBJC_ROOT_CLASS = YES_ERROR;
				CLANG_WARN_RANGE_LOOP_ANALYSIS = YES;
				CLANG_WARN_STRICT_PROTOTYPES = YES;
				CLANG_WARN_SUSPICIOUS_MOVE = YES;
				CLANG_WARN_UNGUARDED_AVAILABILITY = YES_AGGRESSIVE;
				CLANG_WARN_UNREACHABLE_CODE = YES;
				CLANG_WARN__DUPLICATE_METHOD_MATCH = YES;
				CODE_SIGN_IDENTITY = "iPhone Developer";
				COPY_PHASE_STRIP = NO;
				DEBUG_INFORMATION_FORMAT = dwarf;
				ENABLE_STRICT_OBJC_MSGSEND = YES;
				ENABLE_TESTABILITY = YES;
				GCC_C_LANGUAGE_STANDARD = gnu11;
				GCC_DYNAMIC_NO_PIC = NO;
				GCC_NO_COMMON_BLOCKS = YES;
				GCC_OPTIMIZATION_LEVEL = 0;
				GCC_PREPROCESSOR_DEFINITIONS = (
					"DEBUG=1",
					"$(inherited)",
				);
				GCC_WARN_64_TO_32_BIT_CONVERSION = YES;
				GCC_WARN_ABOUT_RETURN_TYPE = YES_ERROR;
				GCC_WARN_UNDECLARED_SELECTOR = YES;
				GCC_WARN_UNINITIALIZED_AUTOS = YES_AGGRESSIVE;
				GCC_WARN_UNUSED_FUNCTION = YES;
				GCC_WARN_UNUSED_VARIABLE = YES;
				IPHONEOS_DEPLOYMENT_TARGET = 12.1;
				MTL_ENABLE_DEBUG_INFO = INCLUDE_SOURCE;
				MTL_FAST_MATH = YES;
				ONLY_ACTIVE_ARCH = YES;
				SDKROOT = iphoneos;
				SWIFT_ACTIVE_COMPILATION_CONDITIONS = DEBUG;
				SWIFT_OPTIMIZATION_LEVEL = "-Onone";
			};
			name = Debug;
		};
		55A0A25C21B8D3CA00B77603 /* Release */ = {
			isa = XCBuildConfiguration;
			buildSettings = {
				ALWAYS_SEARCH_USER_PATHS = NO;
				CLANG_ANALYZER_NONNULL = YES;
				CLANG_ANALYZER_NUMBER_OBJECT_CONVERSION = YES_AGGRESSIVE;
				CLANG_CXX_LANGUAGE_STANDARD = "gnu++14";
				CLANG_CXX_LIBRARY = "libc++";
				CLANG_ENABLE_MODULES = YES;
				CLANG_ENABLE_OBJC_ARC = YES;
				CLANG_ENABLE_OBJC_WEAK = YES;
				CLANG_WARN_BLOCK_CAPTURE_AUTORELEASING = YES;
				CLANG_WARN_BOOL_CONVERSION = YES;
				CLANG_WARN_COMMA = YES;
				CLANG_WARN_CONSTANT_CONVERSION = YES;
				CLANG_WARN_DEPRECATED_OBJC_IMPLEMENTATIONS = YES;
				CLANG_WARN_DIRECT_OBJC_ISA_USAGE = YES_ERROR;
				CLANG_WARN_DOCUMENTATION_COMMENTS = YES;
				CLANG_WARN_EMPTY_BODY = YES;
				CLANG_WARN_ENUM_CONVERSION = YES;
				CLANG_WARN_INFINITE_RECURSION = YES;
				CLANG_WARN_INT_CONVERSION = YES;
				CLANG_WARN_NON_LITERAL_NULL_CONVERSION = YES;
				CLANG_WARN_OBJC_IMPLICIT_RETAIN_SELF = YES;
				CLANG_WARN_OBJC_LITERAL_CONVERSION = YES;
				CLANG_WARN_OBJC_ROOT_CLASS = YES_ERROR;
				CLANG_WARN_RANGE_LOOP_ANALYSIS = YES;
				CLANG_WARN_STRICT_PROTOTYPES = YES;
				CLANG_WARN_SUSPICIOUS_MOVE = YES;
				CLANG_WARN_UNGUARDED_AVAILABILITY = YES_AGGRESSIVE;
				CLANG_WARN_UNREACHABLE_CODE = YES;
				CLANG_WARN__DUPLICATE_METHOD_MATCH = YES;
				CODE_SIGN_IDENTITY = "iPhone Developer";
				COPY_PHASE_STRIP = NO;
				DEBUG_INFORMATION_FORMAT = "dwarf-with-dsym";
				ENABLE_NS_ASSERTIONS = NO;
				ENABLE_STRICT_OBJC_MSGSEND = YES;
				GCC_C_LANGUAGE_STANDARD = gnu11;
				GCC_NO_COMMON_BLOCKS = YES;
				GCC_WARN_64_TO_32_BIT_CONVERSION = YES;
				GCC_WARN_ABOUT_RETURN_TYPE = YES_ERROR;
				GCC_WARN_UNDECLARED_SELECTOR = YES;
				GCC_WARN_UNINITIALIZED_AUTOS = YES_AGGRESSIVE;
				GCC_WARN_UNUSED_FUNCTION = YES;
				GCC_WARN_UNUSED_VARIABLE = YES;
				IPHONEOS_DEPLOYMENT_TARGET = 12.1;
				MTL_ENABLE_DEBUG_INFO = NO;
				MTL_FAST_MATH = YES;
				SDKROOT = iphoneos;
				SWIFT_COMPILATION_MODE = wholemodule;
				SWIFT_OPTIMIZATION_LEVEL = "-O";
				VALIDATE_PRODUCT = YES;
			};
			name = Release;
		};
		55A0A25E21B8D3CA00B77603 /* Debug */ = {
			isa = XCBuildConfiguration;
			buildSettings = {
				ASSETCATALOG_COMPILER_APPICON_NAME = AppIcon;
				CODE_SIGN_STYLE = Automatic;
				DEVELOPMENT_TEAM = YN75UE492H;
				INFOPLIST_FILE = SampleOfResponderChanin/Info.plist;
				LD_RUNPATH_SEARCH_PATHS = (
					"$(inherited)",
					"@executable_path/Frameworks",
				);
				PRODUCT_BUNDLE_IDENTIFIER = com.tanabe.aiclient.SampleOfResponderChanin;
				PRODUCT_NAME = "$(TARGET_NAME)";
				SWIFT_VERSION = 4.2;
				TARGETED_DEVICE_FAMILY = "1,2";
			};
			name = Debug;
		};
		55A0A25F21B8D3CA00B77603 /* Release */ = {
			isa = XCBuildConfiguration;
			buildSettings = {
				ASSETCATALOG_COMPILER_APPICON_NAME = AppIcon;
				CODE_SIGN_STYLE = Automatic;
				DEVELOPMENT_TEAM = YN75UE492H;
				INFOPLIST_FILE = SampleOfResponderChanin/Info.plist;
				LD_RUNPATH_SEARCH_PATHS = (
					"$(inherited)",
					"@executable_path/Frameworks",
				);
				PRODUCT_BUNDLE_IDENTIFIER = com.tanabe.aiclient.SampleOfResponderChanin;
				PRODUCT_NAME = "$(TARGET_NAME)";
				SWIFT_VERSION = 4.2;
				TARGETED_DEVICE_FAMILY = "1,2";
			};
			name = Release;
		};
		55A0A26121B8D3CA00B77603 /* Debug */ = {
			isa = XCBuildConfiguration;
			buildSettings = {
				ALWAYS_EMBED_SWIFT_STANDARD_LIBRARIES = YES;
				BUNDLE_LOADER = "$(TEST_HOST)";
				CODE_SIGN_STYLE = Automatic;
				DEVELOPMENT_TEAM = YN75UE492H;
				INFOPLIST_FILE = SampleOfResponderChaninTests/Info.plist;
				LD_RUNPATH_SEARCH_PATHS = (
					"$(inherited)",
					"@executable_path/Frameworks",
					"@loader_path/Frameworks",
				);
				PRODUCT_BUNDLE_IDENTIFIER = com.tanabe.aiclient.SampleOfResponderChaninTests;
				PRODUCT_NAME = "$(TARGET_NAME)";
				SWIFT_VERSION = 4.2;
				TARGETED_DEVICE_FAMILY = "1,2";
				TEST_HOST = "$(BUILT_PRODUCTS_DIR)/SampleOfResponderChanin.app/SampleOfResponderChanin";
			};
			name = Debug;
		};
		55A0A26221B8D3CA00B77603 /* Release */ = {
			isa = XCBuildConfiguration;
			buildSettings = {
				ALWAYS_EMBED_SWIFT_STANDARD_LIBRARIES = YES;
				BUNDLE_LOADER = "$(TEST_HOST)";
				CODE_SIGN_STYLE = Automatic;
				DEVELOPMENT_TEAM = YN75UE492H;
				INFOPLIST_FILE = SampleOfResponderChaninTests/Info.plist;
				LD_RUNPATH_SEARCH_PATHS = (
					"$(inherited)",
					"@executable_path/Frameworks",
					"@loader_path/Frameworks",
				);
				PRODUCT_BUNDLE_IDENTIFIER = com.tanabe.aiclient.SampleOfResponderChaninTests;
				PRODUCT_NAME = "$(TARGET_NAME)";
				SWIFT_VERSION = 4.2;
				TARGETED_DEVICE_FAMILY = "1,2";
				TEST_HOST = "$(BUILT_PRODUCTS_DIR)/SampleOfResponderChanin.app/SampleOfResponderChanin";
			};
			name = Release;
		};
/* End XCBuildConfiguration section */

/* Begin XCConfigurationList section */
		55A0A23B21B8D3C900B77603 /* Build configuration list for PBXProject "SampleOfResponderChanin" */ = {
			isa = XCConfigurationList;
			buildConfigurations = (
				55A0A25B21B8D3CA00B77603 /* Debug */,
				55A0A25C21B8D3CA00B77603 /* Release */,
			);
			defaultConfigurationIsVisible = 0;
			defaultConfigurationName = Release;
		};
		55A0A25D21B8D3CA00B77603 /* Build configuration list for PBXNativeTarget "SampleOfResponderChanin" */ = {
			isa = XCConfigurationList;
			buildConfigurations = (
				55A0A25E21B8D3CA00B77603 /* Debug */,
				55A0A25F21B8D3CA00B77603 /* Release */,
			);
			defaultConfigurationIsVisible = 0;
			defaultConfigurationName = Release;
		};
		55A0A26021B8D3CA00B77603 /* Build configuration list for PBXNativeTarget "SampleOfResponderChaninTests" */ = {
			isa = XCConfigurationList;
			buildConfigurations = (
				55A0A26121B8D3CA00B77603 /* Debug */,
				55A0A26221B8D3CA00B77603 /* Release */,
			);
			defaultConfigurationIsVisible = 0;
			defaultConfigurationName = Release;
		};
/* End XCConfigurationList section */
	};
	rootObject = 55A0A23821B8D3C900B77603 /* Project object */;
}
